
Microsoft Visual Studio Solution File, Format Version 12.00
# Visual Studio 15
VisualStudioVersion = 15.0.27004.2002
MinimumVisualStudioVersion = 10.0.40219.1
Project("{9A19103F-16F7-4668-BE54-9A1E7A4F7556}") = "Jarvis.Web.Host", "Jarvis.Web.Host\Jarvis.Web.Host.csproj", "{85C35296-FA24-446F-8095-90E4B3800884}"
EndProject
Project("{9A19103F-16F7-4668-BE54-9A1E7A4F7556}") = "Jarvis.Core", "Jarvis.Core\Jarvis.Core.csproj", "{4AADF524-91CD-4B2C-A022-5DE9424BD3C8}"
EndProject
Project("{9A19103F-16F7-4668-BE54-9A1E7A4F7556}") = "Jarvis.Application", "Jarvis.Application\Jarvis.Application.csproj", "{3BDE4826-B388-44A6-86F0-9E3AAD48CA63}"
EndProject
Project("{2150E333-8FDC-42A3-9474-1A3956D46DE8}") = "Tests", "Tests", "{37771746-FC58-4D6D-8438-45AFC5F98F97}"
EndProject
Project("{9A19103F-16F7-4668-BE54-9A1E7A4F7556}") = "Jarvis.Tests", "Jarvis.Tests\Jarvis.Tests.csproj", "{F82E7E90-8DE3-42C1-B3F9-A32281DF8D3B}"
EndProject
Global
	GlobalSection(SolutionConfigurationPlatforms) = preSolution
		Debug|Any CPU = Debug|Any CPU
		Release|Any CPU = Release|Any CPU
	EndGlobalSection
	GlobalSection(ProjectConfigurationPlatforms) = postSolution
		{85C35296-FA24-446F-8095-90E4B3800884}.Debug|Any CPU.ActiveCfg = Debug|Any CPU
		{85C35296-FA24-446F-8095-90E4B3800884}.Debug|Any CPU.Build.0 = Debug|Any CPU
		{85C35296-FA24-446F-8095-90E4B3800884}.Release|Any CPU.ActiveCfg = Release|Any CPU
		{85C35296-FA24-446F-8095-90E4B3800884}.Release|Any CPU.Build.0 = Release|Any CPU
		{4AADF524-91CD-4B2C-A022-5DE9424BD3C8}.Debug|Any CPU.ActiveCfg = Debug|Any CPU
		{4AADF524-91CD-4B2C-A022-5DE9424BD3C8}.Debug|Any CPU.Build.0 = Debug|Any CPU
		{4AADF524-91CD-4B2C-A022-5DE9424BD3C8}.Release|Any CPU.ActiveCfg = Release|Any CPU
		{4AADF524-91CD-4B2C-A022-5DE9424BD3C8}.Release|Any CPU.Build.0 = Release|Any CPU
		{3BDE4826-B388-44A6-86F0-9E3AAD48CA63}.Debug|Any CPU.ActiveCfg = Debug|Any CPU
		{3BDE4826-B388-44A6-86F0-9E3AAD48CA63}.Debug|Any CPU.Build.0 = Debug|Any CPU
		{3BDE4826-B388-44A6-86F0-9E3AAD48CA63}.Release|Any CPU.ActiveCfg = Release|Any CPU
		{3BDE4826-B388-44A6-86F0-9E3AAD48CA63}.Release|Any CPU.Build.0 = Release|Any CPU
		{F82E7E90-8DE3-42C1-B3F9-A32281DF8D3B}.Debug|Any CPU.ActiveCfg = Debug|Any CPU
		{F82E7E90-8DE3-42C1-B3F9-A32281DF8D3B}.Debug|Any CPU.Build.0 = Debug|Any CPU
		{F82E7E90-8DE3-42C1-B3F9-A32281DF8D3B}.Release|Any CPU.ActiveCfg = Release|Any CPU
		{F82E7E90-8DE3-42C1-B3F9-A32281DF8D3B}.Release|Any CPU.Build.0 = Release|Any CPU
	EndGlobalSection
	GlobalSection(SolutionProperties) = preSolution
		HideSolutionNode = FALSE
	EndGlobalSection
	GlobalSection(NestedProjects) = preSolution
		{F82E7E90-8DE3-42C1-B3F9-A32281DF8D3B} = {37771746-FC58-4D6D-8438-45AFC5F98F97}
	EndGlobalSection
	GlobalSection(ExtensibilityGlobals) = postSolution
		SolutionGuid = {28C7C7A1-A2DC-440C-9B7B-C75E1AB694FC}
	EndGlobalSection
EndGlobal
